
Microsoft Visual Studio Solution File, Format Version 12.00
# Visual Studio Version 17
VisualStudioVersion = 17.5.33516.290
MinimumVisualStudioVersion = 10.0.40219.1
Project("{FAE04EC0-301F-11D3-BF4B-00C04F79EFBC}") = "Jogo_De_Adivinhacao", "Jogo_De_Adivinhacao\Jogo_De_Adivinhacao.csproj", "{736D66A2-4295-4B0D-9D6F-401926264B8F}"
EndProject
Global
	GlobalSection(SolutionConfigurationPlatforms) = preSolution
		Debug|Any CPU = Debug|Any CPU
		Release|Any CPU = Release|Any CPU
	EndGlobalSection
	GlobalSection(ProjectConfigurationPlatforms) = postSolution
		{736D66A2-4295-4B0D-9D6F-401926264B8F}.Debug|Any CPU.ActiveCfg = Debug|Any CPU
		{736D66A2-4295-4B0D-9D6F-401926264B8F}.Debug|Any CPU.Build.0 = Debug|Any CPU
		{736D66A2-4295-4B0D-9D6F-401926264B8F}.Release|Any CPU.ActiveCfg = Release|Any CPU
		{736D66A2-4295-4B0D-9D6F-401926264B8F}.Release|Any CPU.Build.0 = Release|Any CPU
	EndGlobalSection
	GlobalSection(SolutionProperties) = preSolution
		HideSolutionNode = FALSE
	EndGlobalSection
	GlobalSection(ExtensibilityGlobals) = postSolution
		SolutionGuid = {D280BF00-9557-4BC8-B8FD-B50240C30A42}
	EndGlobalSection
EndGlobal
